
Microsoft Visual Studio Solution File, Format Version 12.00
# Visual Studio 15
VisualStudioVersion = 15.0.27130.2003
MinimumVisualStudioVersion = 10.0.40219.1
Project("{8BC9CEB8-8B4A-11D0-8D11-00A0C91BC942}") = "Sudoku", "Sudoku\Sudoku.vcxitems", "{14B76E47-7B5D-43C1-B056-A82FCA671CC5}"
EndProject
Project("{2150E333-8FDC-42A3-9474-1A3956D46DE8}") = "Solution Items", "Solution Items", "{5FE296CB-7F95-44A2-A544-4009EF24F251}"
	ProjectSection(SolutionItems) = preProject
		.clang-format = .clang-format
		.clang-tidy = .clang-tidy
		msvc\CppCoreCheckAllRules.ruleset = msvc\CppCoreCheckAllRules.ruleset
		README.md = README.md
	EndProjectSection
EndProject
Project("{8BC9CEB8-8B4A-11D0-8D11-00A0C91BC942}") = "Console", "Console\Console.vcxproj", "{98C80F78-1DEC-4651-A336-996A027E11FE}"
	ProjectSection(ProjectDependencies) = postProject
		{14B76E47-7B5D-43C1-B056-A82FCA671CC5} = {14B76E47-7B5D-43C1-B056-A82FCA671CC5}
	EndProjectSection
EndProject
Project("{8BC9CEB8-8B4A-11D0-8D11-00A0C91BC942}") = "SudokuTests", "SudokuTests\SudokuTests.vcxproj", "{70B08F04-68D5-4BC6-8D09-4F4C8E768A81}"
EndProject
Project("{2150E333-8FDC-42A3-9474-1A3956D46DE8}") = "docs", "docs", "{D4D3C241-1C45-44F5-97B3-44418C3AD832}"
	ProjectSection(SolutionItems) = preProject
		docs\Configuration.md = docs\Configuration.md
	EndProjectSection
EndProject
Global
	GlobalSection(SharedMSBuildProjectFiles) = preSolution
		Sudoku\Sudoku.vcxitems*{14b76e47-7b5d-43c1-b056-a82fca671cc5}*SharedItemsImports = 9
		Sudoku\Sudoku.vcxitems*{70b08f04-68d5-4bc6-8d09-4f4c8e768a81}*SharedItemsImports = 4
		Sudoku\Sudoku.vcxitems*{98c80f78-1dec-4651-a336-996a027e11fe}*SharedItemsImports = 4
	EndGlobalSection
	GlobalSection(SolutionConfigurationPlatforms) = preSolution
		Debug|x64 = Debug|x64
		Debug|x86 = Debug|x86
		Intel_Debug|x64 = Intel_Debug|x64
		Intel_Debug|x86 = Intel_Debug|x86
		Intel_Release|x64 = Intel_Release|x64
		Intel_Release|x86 = Intel_Release|x86
		LLVM_Debug|x64 = LLVM_Debug|x64
		LLVM_Debug|x86 = LLVM_Debug|x86
		LLVM_Release|x64 = LLVM_Release|x64
		LLVM_Release|x86 = LLVM_Release|x86
		Release|x64 = Release|x64
		Release|x86 = Release|x86
	EndGlobalSection
	GlobalSection(ProjectConfigurationPlatforms) = postSolution
		{98C80F78-1DEC-4651-A336-996A027E11FE}.Debug|x64.ActiveCfg = Debug|x64
		{98C80F78-1DEC-4651-A336-996A027E11FE}.Debug|x64.Build.0 = Debug|x64
		{98C80F78-1DEC-4651-A336-996A027E11FE}.Debug|x86.ActiveCfg = Debug|Win32
		{98C80F78-1DEC-4651-A336-996A027E11FE}.Debug|x86.Build.0 = Debug|Win32
		{98C80F78-1DEC-4651-A336-996A027E11FE}.Intel_Debug|x64.ActiveCfg = Intel_Debug|x64
		{98C80F78-1DEC-4651-A336-996A027E11FE}.Intel_Debug|x64.Build.0 = Intel_Debug|x64
		{98C80F78-1DEC-4651-A336-996A027E11FE}.Intel_Debug|x86.ActiveCfg = Intel_Debug|Win32
		{98C80F78-1DEC-4651-A336-996A027E11FE}.Intel_Debug|x86.Build.0 = Intel_Debug|Win32
		{98C80F78-1DEC-4651-A336-996A027E11FE}.Intel_Release|x64.ActiveCfg = Intel_Release|x64
		{98C80F78-1DEC-4651-A336-996A027E11FE}.Intel_Release|x64.Build.0 = Intel_Release|x64
		{98C80F78-1DEC-4651-A336-996A027E11FE}.Intel_Release|x86.ActiveCfg = Intel_Release|Win32
		{98C80F78-1DEC-4651-A336-996A027E11FE}.Intel_Release|x86.Build.0 = Intel_Release|Win32
		{98C80F78-1DEC-4651-A336-996A027E11FE}.LLVM_Debug|x64.ActiveCfg = LLVM_Debug|x64
		{98C80F78-1DEC-4651-A336-996A027E11FE}.LLVM_Debug|x64.Build.0 = LLVM_Debug|x64
		{98C80F78-1DEC-4651-A336-996A027E11FE}.LLVM_Debug|x86.ActiveCfg = LLVM_Debug|Win32
		{98C80F78-1DEC-4651-A336-996A027E11FE}.LLVM_Debug|x86.Build.0 = LLVM_Debug|Win32
		{98C80F78-1DEC-4651-A336-996A027E11FE}.LLVM_Release|x64.ActiveCfg = LLVM_Release|x64
		{98C80F78-1DEC-4651-A336-996A027E11FE}.LLVM_Release|x64.Build.0 = LLVM_Release|x64
		{98C80F78-1DEC-4651-A336-996A027E11FE}.LLVM_Release|x86.ActiveCfg = LLVM_Release|Win32
		{98C80F78-1DEC-4651-A336-996A027E11FE}.LLVM_Release|x86.Build.0 = LLVM_Release|Win32
		{98C80F78-1DEC-4651-A336-996A027E11FE}.Release|x64.ActiveCfg = Release|x64
		{98C80F78-1DEC-4651-A336-996A027E11FE}.Release|x64.Build.0 = Release|x64
		{98C80F78-1DEC-4651-A336-996A027E11FE}.Release|x86.ActiveCfg = Release|Win32
		{98C80F78-1DEC-4651-A336-996A027E11FE}.Release|x86.Build.0 = Release|Win32
		{70B08F04-68D5-4BC6-8D09-4F4C8E768A81}.Debug|x64.ActiveCfg = Debug|x64
		{70B08F04-68D5-4BC6-8D09-4F4C8E768A81}.Debug|x64.Build.0 = Debug|x64
		{70B08F04-68D5-4BC6-8D09-4F4C8E768A81}.Debug|x86.ActiveCfg = Debug|Win32
		{70B08F04-68D5-4BC6-8D09-4F4C8E768A81}.Debug|x86.Build.0 = Debug|Win32
		{70B08F04-68D5-4BC6-8D09-4F4C8E768A81}.Intel_Debug|x64.ActiveCfg = Intel_Debug|x64
		{70B08F04-68D5-4BC6-8D09-4F4C8E768A81}.Intel_Debug|x64.Build.0 = Intel_Debug|x64
		{70B08F04-68D5-4BC6-8D09-4F4C8E768A81}.Intel_Debug|x86.ActiveCfg = Intel_Debug|x64
		{70B08F04-68D5-4BC6-8D09-4F4C8E768A81}.Intel_Release|x64.ActiveCfg = Intel_Release|x64
		{70B08F04-68D5-4BC6-8D09-4F4C8E768A81}.Intel_Release|x64.Build.0 = Intel_Release|x64
		{70B08F04-68D5-4BC6-8D09-4F4C8E768A81}.Intel_Release|x86.ActiveCfg = Intel_Release|Win32
		{70B08F04-68D5-4BC6-8D09-4F4C8E768A81}.Intel_Release|x86.Build.0 = Intel_Release|Win32
		{70B08F04-68D5-4BC6-8D09-4F4C8E768A81}.LLVM_Debug|x64.ActiveCfg = LLVM_Debug|x64
		{70B08F04-68D5-4BC6-8D09-4F4C8E768A81}.LLVM_Debug|x64.Build.0 = LLVM_Debug|x64
		{70B08F04-68D5-4BC6-8D09-4F4C8E768A81}.LLVM_Debug|x86.ActiveCfg = LLVM_Debug|Win32
		{70B08F04-68D5-4BC6-8D09-4F4C8E768A81}.LLVM_Debug|x86.Build.0 = LLVM_Debug|Win32
		{70B08F04-68D5-4BC6-8D09-4F4C8E768A81}.LLVM_Release|x64.ActiveCfg = LLVM_Release|x64
		{70B08F04-68D5-4BC6-8D09-4F4C8E768A81}.LLVM_Release|x64.Build.0 = LLVM_Release|x64
		{70B08F04-68D5-4BC6-8D09-4F4C8E768A81}.LLVM_Release|x86.ActiveCfg = LLVM_Release|Win32
		{70B08F04-68D5-4BC6-8D09-4F4C8E768A81}.LLVM_Release|x86.Build.0 = LLVM_Release|Win32
		{70B08F04-68D5-4BC6-8D09-4F4C8E768A81}.Release|x64.ActiveCfg = Release|x64
		{70B08F04-68D5-4BC6-8D09-4F4C8E768A81}.Release|x64.Build.0 = Release|x64
		{70B08F04-68D5-4BC6-8D09-4F4C8E768A81}.Release|x86.ActiveCfg = Release|Win32
		{70B08F04-68D5-4BC6-8D09-4F4C8E768A81}.Release|x86.Build.0 = Release|Win32
	EndGlobalSection
	GlobalSection(SolutionProperties) = preSolution
		HideSolutionNode = FALSE
	EndGlobalSection
	GlobalSection(ExtensibilityGlobals) = postSolution
		SolutionGuid = {B3DA0C1D-A65C-4F76-B7A0-3F1528BA43A6}
	EndGlobalSection
EndGlobal
