
Microsoft Visual Studio Solution File, Format Version 12.00
# Visual Studio 15
VisualStudioVersion = 15.0.27130.2003
MinimumVisualStudioVersion = 10.0.40219.1
Project("{8BC9CEB8-8B4A-11D0-8D11-00A0C91BC942}") = "Sudoku", "Sudoku\Sudoku.vcxproj", "{14B76E47-7B5D-43C1-B056-A82FCA671CC5}"
EndProject
Project("{2150E333-8FDC-42A3-9474-1A3956D46DE8}") = "Solution Items", "Solution Items", "{5FE296CB-7F95-44A2-A544-4009EF24F251}"
	ProjectSection(SolutionItems) = preProject
		.clang-format = .clang-format
		.clang-tidy = .clang-tidy
		msvc\CppCoreCheckAllRules.ruleset = msvc\CppCoreCheckAllRules.ruleset
		README.md = README.md
	EndProjectSection
EndProject
Project("{8BC9CEB8-8B4A-11D0-8D11-00A0C91BC942}") = "Console", "Console\Console.vcxproj", "{98C80F78-1DEC-4651-A336-996A027E11FE}"
	ProjectSection(ProjectDependencies) = postProject
		{14B76E47-7B5D-43C1-B056-A82FCA671CC5} = {14B76E47-7B5D-43C1-B056-A82FCA671CC5}
	EndProjectSection
EndProject
Project("{8BC9CEB8-8B4A-11D0-8D11-00A0C91BC942}") = "SudokuTests", "SudokuTests\SudokuTests.vcxproj", "{70B08F04-68D5-4BC6-8D09-4F4C8E768A81}"
EndProject
Global
	GlobalSection(SolutionConfigurationPlatforms) = preSolution
		ClangDebug|x64 = ClangDebug|x64
		ClangDebug|x86 = ClangDebug|x86
		ClangRelease|x64 = ClangRelease|x64
		ClangRelease|x86 = ClangRelease|x86
		ClangTidy|x64 = ClangTidy|x64
		ClangTidy|x86 = ClangTidy|x86
		Debug|x64 = Debug|x64
		Debug|x86 = Debug|x86
		Release|x64 = Release|x64
		Release|x86 = Release|x86
	EndGlobalSection
	GlobalSection(ProjectConfigurationPlatforms) = postSolution
		{14B76E47-7B5D-43C1-B056-A82FCA671CC5}.ClangDebug|x64.ActiveCfg = ClangDebug|x64
		{14B76E47-7B5D-43C1-B056-A82FCA671CC5}.ClangDebug|x64.Build.0 = ClangDebug|x64
		{14B76E47-7B5D-43C1-B056-A82FCA671CC5}.ClangDebug|x86.ActiveCfg = ClangDebug|Win32
		{14B76E47-7B5D-43C1-B056-A82FCA671CC5}.ClangDebug|x86.Build.0 = ClangDebug|Win32
		{14B76E47-7B5D-43C1-B056-A82FCA671CC5}.ClangRelease|x64.ActiveCfg = ClangRelease|x64
		{14B76E47-7B5D-43C1-B056-A82FCA671CC5}.ClangRelease|x64.Build.0 = ClangRelease|x64
		{14B76E47-7B5D-43C1-B056-A82FCA671CC5}.ClangRelease|x86.ActiveCfg = ClangRelease|Win32
		{14B76E47-7B5D-43C1-B056-A82FCA671CC5}.ClangRelease|x86.Build.0 = ClangRelease|Win32
		{14B76E47-7B5D-43C1-B056-A82FCA671CC5}.ClangTidy|x64.ActiveCfg = ClangTidy|x64
		{14B76E47-7B5D-43C1-B056-A82FCA671CC5}.ClangTidy|x64.Build.0 = ClangTidy|x64
		{14B76E47-7B5D-43C1-B056-A82FCA671CC5}.ClangTidy|x86.ActiveCfg = ClangTidy|x64
		{14B76E47-7B5D-43C1-B056-A82FCA671CC5}.Debug|x64.ActiveCfg = Debug|x64
		{14B76E47-7B5D-43C1-B056-A82FCA671CC5}.Debug|x64.Build.0 = Debug|x64
		{14B76E47-7B5D-43C1-B056-A82FCA671CC5}.Debug|x86.ActiveCfg = Debug|Win32
		{14B76E47-7B5D-43C1-B056-A82FCA671CC5}.Debug|x86.Build.0 = Debug|Win32
		{14B76E47-7B5D-43C1-B056-A82FCA671CC5}.Release|x64.ActiveCfg = Release|x64
		{14B76E47-7B5D-43C1-B056-A82FCA671CC5}.Release|x64.Build.0 = Release|x64
		{14B76E47-7B5D-43C1-B056-A82FCA671CC5}.Release|x86.ActiveCfg = Release|Win32
		{14B76E47-7B5D-43C1-B056-A82FCA671CC5}.Release|x86.Build.0 = Release|Win32
		{98C80F78-1DEC-4651-A336-996A027E11FE}.ClangDebug|x64.ActiveCfg = ClangDebug|x64
		{98C80F78-1DEC-4651-A336-996A027E11FE}.ClangDebug|x64.Build.0 = ClangDebug|x64
		{98C80F78-1DEC-4651-A336-996A027E11FE}.ClangDebug|x86.ActiveCfg = ClangDebug|Win32
		{98C80F78-1DEC-4651-A336-996A027E11FE}.ClangDebug|x86.Build.0 = ClangDebug|Win32
		{98C80F78-1DEC-4651-A336-996A027E11FE}.ClangRelease|x64.ActiveCfg = ClangRelease|x64
		{98C80F78-1DEC-4651-A336-996A027E11FE}.ClangRelease|x64.Build.0 = ClangRelease|x64
		{98C80F78-1DEC-4651-A336-996A027E11FE}.ClangRelease|x86.ActiveCfg = ClangRelease|Win32
		{98C80F78-1DEC-4651-A336-996A027E11FE}.ClangRelease|x86.Build.0 = ClangRelease|Win32
		{98C80F78-1DEC-4651-A336-996A027E11FE}.ClangTidy|x64.ActiveCfg = ClangTidy|x64
		{98C80F78-1DEC-4651-A336-996A027E11FE}.ClangTidy|x64.Build.0 = ClangTidy|x64
		{98C80F78-1DEC-4651-A336-996A027E11FE}.ClangTidy|x86.ActiveCfg = ClangTidy|x64
		{98C80F78-1DEC-4651-A336-996A027E11FE}.Debug|x64.ActiveCfg = Debug|x64
		{98C80F78-1DEC-4651-A336-996A027E11FE}.Debug|x64.Build.0 = Debug|x64
		{98C80F78-1DEC-4651-A336-996A027E11FE}.Debug|x86.ActiveCfg = Debug|Win32
		{98C80F78-1DEC-4651-A336-996A027E11FE}.Debug|x86.Build.0 = Debug|Win32
		{98C80F78-1DEC-4651-A336-996A027E11FE}.Release|x64.ActiveCfg = Release|x64
		{98C80F78-1DEC-4651-A336-996A027E11FE}.Release|x64.Build.0 = Release|x64
		{98C80F78-1DEC-4651-A336-996A027E11FE}.Release|x86.ActiveCfg = Release|Win32
		{98C80F78-1DEC-4651-A336-996A027E11FE}.Release|x86.Build.0 = Release|Win32
		{70B08F04-68D5-4BC6-8D09-4F4C8E768A81}.ClangDebug|x64.ActiveCfg = ClangDebug|x64
		{70B08F04-68D5-4BC6-8D09-4F4C8E768A81}.ClangDebug|x64.Build.0 = ClangDebug|x64
		{70B08F04-68D5-4BC6-8D09-4F4C8E768A81}.ClangDebug|x86.ActiveCfg = ClangDebug|Win32
		{70B08F04-68D5-4BC6-8D09-4F4C8E768A81}.ClangDebug|x86.Build.0 = ClangDebug|Win32
		{70B08F04-68D5-4BC6-8D09-4F4C8E768A81}.ClangRelease|x64.ActiveCfg = ClangRelease|x64
		{70B08F04-68D5-4BC6-8D09-4F4C8E768A81}.ClangRelease|x64.Build.0 = ClangRelease|x64
		{70B08F04-68D5-4BC6-8D09-4F4C8E768A81}.ClangRelease|x86.ActiveCfg = ClangRelease|Win32
		{70B08F04-68D5-4BC6-8D09-4F4C8E768A81}.ClangRelease|x86.Build.0 = ClangRelease|Win32
		{70B08F04-68D5-4BC6-8D09-4F4C8E768A81}.ClangTidy|x64.ActiveCfg = ClangTidy|x64
		{70B08F04-68D5-4BC6-8D09-4F4C8E768A81}.ClangTidy|x64.Build.0 = ClangTidy|x64
		{70B08F04-68D5-4BC6-8D09-4F4C8E768A81}.ClangTidy|x86.ActiveCfg = ClangTidy|x64
		{70B08F04-68D5-4BC6-8D09-4F4C8E768A81}.Debug|x64.ActiveCfg = Debug|x64
		{70B08F04-68D5-4BC6-8D09-4F4C8E768A81}.Debug|x64.Build.0 = Debug|x64
		{70B08F04-68D5-4BC6-8D09-4F4C8E768A81}.Debug|x86.ActiveCfg = Debug|Win32
		{70B08F04-68D5-4BC6-8D09-4F4C8E768A81}.Debug|x86.Build.0 = Debug|Win32
		{70B08F04-68D5-4BC6-8D09-4F4C8E768A81}.Release|x64.ActiveCfg = Release|x64
		{70B08F04-68D5-4BC6-8D09-4F4C8E768A81}.Release|x64.Build.0 = Release|x64
		{70B08F04-68D5-4BC6-8D09-4F4C8E768A81}.Release|x86.ActiveCfg = Release|Win32
		{70B08F04-68D5-4BC6-8D09-4F4C8E768A81}.Release|x86.Build.0 = Release|Win32
	EndGlobalSection
	GlobalSection(SolutionProperties) = preSolution
		HideSolutionNode = FALSE
	EndGlobalSection
	GlobalSection(ExtensibilityGlobals) = postSolution
		SolutionGuid = {B3DA0C1D-A65C-4F76-B7A0-3F1528BA43A6}
	EndGlobalSection
EndGlobal
