
Microsoft Visual Studio Solution File, Format Version 12.00
# Visual Studio 15
VisualStudioVersion = 15.0.25807.0
MinimumVisualStudioVersion = 10.0.40219.1
Project("{8BC9CEB8-8B4A-11D0-8D11-00A0C91BC942}") = "Sudoku", "Sudoku\Sudoku.vcxproj", "{14B76E47-7B5D-43C1-B056-A82FCA671CC5}"
EndProject
Project("{8BC9CEB8-8B4A-11D0-8D11-00A0C91BC942}") = "UnitTest", "UnitTest\UnitTest.vcxproj", "{CCD1F3D0-0A4E-4386-AD3E-037328520975}"
	ProjectSection(ProjectDependencies) = postProject
		{14B76E47-7B5D-43C1-B056-A82FCA671CC5} = {14B76E47-7B5D-43C1-B056-A82FCA671CC5}
	EndProjectSection
EndProject
Global
	GlobalSection(SolutionConfigurationPlatforms) = preSolution
		ClangDebug|x64 = ClangDebug|x64
		ClangDebug|x86 = ClangDebug|x86
		Debug|x64 = Debug|x64
		Debug|x86 = Debug|x86
		Release|x64 = Release|x64
		Release|x86 = Release|x86
	EndGlobalSection
	GlobalSection(ProjectConfigurationPlatforms) = postSolution
		{14B76E47-7B5D-43C1-B056-A82FCA671CC5}.ClangDebug|x64.ActiveCfg = ClangDebug|x64
		{14B76E47-7B5D-43C1-B056-A82FCA671CC5}.ClangDebug|x64.Build.0 = ClangDebug|x64
		{14B76E47-7B5D-43C1-B056-A82FCA671CC5}.ClangDebug|x86.ActiveCfg = ClangDebug|Win32
		{14B76E47-7B5D-43C1-B056-A82FCA671CC5}.ClangDebug|x86.Build.0 = ClangDebug|Win32
		{14B76E47-7B5D-43C1-B056-A82FCA671CC5}.Debug|x64.ActiveCfg = Debug|x64
		{14B76E47-7B5D-43C1-B056-A82FCA671CC5}.Debug|x64.Build.0 = Debug|x64
		{14B76E47-7B5D-43C1-B056-A82FCA671CC5}.Debug|x86.ActiveCfg = Debug|Win32
		{14B76E47-7B5D-43C1-B056-A82FCA671CC5}.Debug|x86.Build.0 = Debug|Win32
		{14B76E47-7B5D-43C1-B056-A82FCA671CC5}.Release|x64.ActiveCfg = Release|x64
		{14B76E47-7B5D-43C1-B056-A82FCA671CC5}.Release|x64.Build.0 = Release|x64
		{14B76E47-7B5D-43C1-B056-A82FCA671CC5}.Release|x86.ActiveCfg = Release|Win32
		{14B76E47-7B5D-43C1-B056-A82FCA671CC5}.Release|x86.Build.0 = Release|Win32
		{CCD1F3D0-0A4E-4386-AD3E-037328520975}.ClangDebug|x64.ActiveCfg = Debug|x64
		{CCD1F3D0-0A4E-4386-AD3E-037328520975}.ClangDebug|x86.ActiveCfg = Debug|Win32
		{CCD1F3D0-0A4E-4386-AD3E-037328520975}.Debug|x64.ActiveCfg = Debug|x64
		{CCD1F3D0-0A4E-4386-AD3E-037328520975}.Debug|x64.Build.0 = Debug|x64
		{CCD1F3D0-0A4E-4386-AD3E-037328520975}.Debug|x86.ActiveCfg = Debug|Win32
		{CCD1F3D0-0A4E-4386-AD3E-037328520975}.Debug|x86.Build.0 = Debug|Win32
		{CCD1F3D0-0A4E-4386-AD3E-037328520975}.Release|x64.ActiveCfg = Release|x64
		{CCD1F3D0-0A4E-4386-AD3E-037328520975}.Release|x64.Build.0 = Release|x64
		{CCD1F3D0-0A4E-4386-AD3E-037328520975}.Release|x86.ActiveCfg = Release|Win32
		{CCD1F3D0-0A4E-4386-AD3E-037328520975}.Release|x86.Build.0 = Release|Win32
	EndGlobalSection
	GlobalSection(SolutionProperties) = preSolution
		HideSolutionNode = FALSE
	EndGlobalSection
EndGlobal
